
Microsoft Visual Studio Solution File, Format Version 12.00
# Visual Studio Version 16
VisualStudioVersion = 16.0.30523.141
MinimumVisualStudioVersion = 10.0.40219.1
Project("{FAE04EC0-301F-11D3-BF4B-00C04F79EFBC}") = "Download Equities", "Download Equities\Download Equities.csproj", "{505E9C0B-4C2C-481A-855C-249E06EE440C}"
EndProject
Global
	GlobalSection(SolutionConfigurationPlatforms) = preSolution
		Debug|Any CPU = Debug|Any CPU
		Release|Any CPU = Release|Any CPU
	EndGlobalSection
	GlobalSection(ProjectConfigurationPlatforms) = postSolution
		{505E9C0B-4C2C-481A-855C-249E06EE440C}.Debug|Any CPU.ActiveCfg = Debug|Any CPU
		{505E9C0B-4C2C-481A-855C-249E06EE440C}.Debug|Any CPU.Build.0 = Debug|Any CPU
		{505E9C0B-4C2C-481A-855C-249E06EE440C}.Release|Any CPU.ActiveCfg = Release|Any CPU
		{505E9C0B-4C2C-481A-855C-249E06EE440C}.Release|Any CPU.Build.0 = Release|Any CPU
	EndGlobalSection
	GlobalSection(SolutionProperties) = preSolution
		HideSolutionNode = FALSE
	EndGlobalSection
	GlobalSection(ExtensibilityGlobals) = postSolution
		SolutionGuid = {CA7060F5-2C90-4A1B-A5DF-8D90ABE605D6}
	EndGlobalSection
EndGlobal
